// !$*UTF8*$!
{
	archiveVersion = 1;
	classes = {
	};
	objectVersion = 50;
	objects = {

/* Begin PBXBuildFile section */
		9020BD7423A6162800B3FB54 /* AppDelegate.swift in Sources */ = {isa = PBXBuildFile; fileRef = 9020BD7323A6162800B3FB54 /* AppDelegate.swift */; };
		9020BD7623A6162800B3FB54 /* ViewController.swift in Sources */ = {isa = PBXBuildFile; fileRef = 9020BD7523A6162800B3FB54 /* ViewController.swift */; };
		9020BD7B23A6162900B3FB54 /* Assets.xcassets in Resources */ = {isa = PBXBuildFile; fileRef = 9020BD7A23A6162900B3FB54 /* Assets.xcassets */; };
		9020BD7E23A6162900B3FB54 /* LaunchScreen.storyboard in Resources */ = {isa = PBXBuildFile; fileRef = 9020BD7C23A6162900B3FB54 /* LaunchScreen.storyboard */; };
		9020BD8A23A6172800B3FB54 /* TrafficLightService.swift in Sources */ = {isa = PBXBuildFile; fileRef = 9020BD8923A6172800B3FB54 /* TrafficLightService.swift */; };
		9020BD8C23A6173400B3FB54 /* TrafficLight.swift in Sources */ = {isa = PBXBuildFile; fileRef = 9020BD8B23A6173400B3FB54 /* TrafficLight.swift */; };
		9020BD8E23A6185000B3FB54 /* Main.storyboard in Resources */ = {isa = PBXBuildFile; fileRef = 9020BD8D23A6185000B3FB54 /* Main.storyboard */; };
		9020BD9023A61BBD00B3FB54 /* TrafficLightPresenter.swift in Sources */ = {isa = PBXBuildFile; fileRef = 9020BD8F23A61BBD00B3FB54 /* TrafficLightPresenter.swift */; };
		9020BD9223A61BCB00B3FB54 /* TrafficLightViewController.swift in Sources */ = {isa = PBXBuildFile; fileRef = 9020BD9123A61BCB00B3FB54 /* TrafficLightViewController.swift */; };
/* End PBXBuildFile section */

/* Begin PBXFileReference section */
		9020BD7023A6162800B3FB54 /* MVP_TrafficLight.app */ = {isa = PBXFileReference; explicitFileType = wrapper.application; includeInIndex = 0; path = MVP_TrafficLight.app; sourceTree = BUILT_PRODUCTS_DIR; };
		9020BD7323A6162800B3FB54 /* AppDelegate.swift */ = {isa = PBXFileReference; lastKnownFileType = sourcecode.swift; path = AppDelegate.swift; sourceTree = "<group>"; };
		9020BD7523A6162800B3FB54 /* ViewController.swift */ = {isa = PBXFileReference; lastKnownFileType = sourcecode.swift; path = ViewController.swift; sourceTree = "<group>"; };
		9020BD7A23A6162900B3FB54 /* Assets.xcassets */ = {isa = PBXFileReference; lastKnownFileType = folder.assetcatalog; path = Assets.xcassets; sourceTree = "<group>"; };
		9020BD7D23A6162900B3FB54 /* Base */ = {isa = PBXFileReference; lastKnownFileType = file.storyboard; name = Base; path = Base.lproj/LaunchScreen.storyboard; sourceTree = "<group>"; };
		9020BD7F23A6162900B3FB54 /* Info.plist */ = {isa = PBXFileReference; lastKnownFileType = text.plist.xml; path = Info.plist; sourceTree = "<group>"; };
		9020BD8923A6172800B3FB54 /* TrafficLightService.swift */ = {isa = PBXFileReference; lastKnownFileType = sourcecode.swift; path = TrafficLightService.swift; sourceTree = "<group>"; };
		9020BD8B23A6173400B3FB54 /* TrafficLight.swift */ = {isa = PBXFileReference; lastKnownFileType = sourcecode.swift; path = TrafficLight.swift; sourceTree = "<group>"; };
		9020BD8D23A6185000B3FB54 /* Main.storyboard */ = {isa = PBXFileReference; fileEncoding = 4; lastKnownFileType = file.storyboard; path = Main.storyboard; sourceTree = "<group>"; };
		9020BD8F23A61BBD00B3FB54 /* TrafficLightPresenter.swift */ = {isa = PBXFileReference; fileEncoding = 4; lastKnownFileType = sourcecode.swift; path = TrafficLightPresenter.swift; sourceTree = "<group>"; };
		9020BD9123A61BCB00B3FB54 /* TrafficLightViewController.swift */ = {isa = PBXFileReference; fileEncoding = 4; lastKnownFileType = sourcecode.swift; path = TrafficLightViewController.swift; sourceTree = "<group>"; };
/* End PBXFileReference section */

/* Begin PBXFrameworksBuildPhase section */
		9020BD6D23A6162800B3FB54 /* Frameworks */ = {
			isa = PBXFrameworksBuildPhase;
			buildActionMask = 2147483647;
			files = (
			);
			runOnlyForDeploymentPostprocessing = 0;
		};
/* End PBXFrameworksBuildPhase section */

/* Begin PBXGroup section */
		9020BD6723A6162800B3FB54 = {
			isa = PBXGroup;
			children = (
				9020BD7223A6162800B3FB54 /* MVP_TrafficLight */,
				9020BD7123A6162800B3FB54 /* Products */,
			);
			sourceTree = "<group>";
		};
		9020BD7123A6162800B3FB54 /* Products */ = {
			isa = PBXGroup;
			children = (
				9020BD7023A6162800B3FB54 /* MVP_TrafficLight.app */,
			);
			name = Products;
			sourceTree = "<group>";
		};
		9020BD7223A6162800B3FB54 /* MVP_TrafficLight */ = {
			isa = PBXGroup;
			children = (
				9020BD8823A6171000B3FB54 /* DataSource */,
				9020BD8523A616E400B3FB54 /* Model */,
				9020BD8623A616EB00B3FB54 /* View */,
				9020BD8723A616F900B3FB54 /* Presenter */,
				9020BD7323A6162800B3FB54 /* AppDelegate.swift */,
				9020BD7523A6162800B3FB54 /* ViewController.swift */,
				9020BD8D23A6185000B3FB54 /* Main.storyboard */,
				9020BD7A23A6162900B3FB54 /* Assets.xcassets */,
				9020BD7C23A6162900B3FB54 /* LaunchScreen.storyboard */,
				9020BD7F23A6162900B3FB54 /* Info.plist */,
			);
			path = MVP_TrafficLight;
			sourceTree = "<group>";
		};
		9020BD8523A616E400B3FB54 /* Model */ = {
			isa = PBXGroup;
			children = (
				9020BD8B23A6173400B3FB54 /* TrafficLight.swift */,
			);
			path = Model;
			sourceTree = "<group>";
		};
		9020BD8623A616EB00B3FB54 /* View */ = {
			isa = PBXGroup;
			children = (
				9020BD9123A61BCB00B3FB54 /* TrafficLightViewController.swift */,
			);
			path = View;
			sourceTree = "<group>";
		};
		9020BD8723A616F900B3FB54 /* Presenter */ = {
			isa = PBXGroup;
			children = (
				9020BD8F23A61BBD00B3FB54 /* TrafficLightPresenter.swift */,
			);
			path = Presenter;
			sourceTree = "<group>";
		};
		9020BD8823A6171000B3FB54 /* DataSource */ = {
			isa = PBXGroup;
			children = (
				9020BD8923A6172800B3FB54 /* TrafficLightService.swift */,
			);
			path = DataSource;
			sourceTree = "<group>";
		};
/* End PBXGroup section */

/* Begin PBXNativeTarget section */
		9020BD6F23A6162800B3FB54 /* MVP_TrafficLight */ = {
			isa = PBXNativeTarget;
			buildConfigurationList = 9020BD8223A6162900B3FB54 /* Build configuration list for PBXNativeTarget "MVP_TrafficLight" */;
			buildPhases = (
				9020BD6C23A6162800B3FB54 /* Sources */,
				9020BD6D23A6162800B3FB54 /* Frameworks */,
				9020BD6E23A6162800B3FB54 /* Resources */,
			);
			buildRules = (
			);
			dependencies = (
			);
			name = MVP_TrafficLight;
			productName = MVP_TrafficLight;
			productReference = 9020BD7023A6162800B3FB54 /* MVP_TrafficLight.app */;
			productType = "com.apple.product-type.application";
		};
/* End PBXNativeTarget section */

/* Begin PBXProject section */
		9020BD6823A6162800B3FB54 /* Project object */ = {
			isa = PBXProject;
			attributes = {
				LastSwiftUpdateCheck = 1030;
				LastUpgradeCheck = 1030;
				ORGANIZATIONNAME = "Xi Apps";
				TargetAttributes = {
					9020BD6F23A6162800B3FB54 = {
						CreatedOnToolsVersion = 10.3;
					};
				};
			};
			buildConfigurationList = 9020BD6B23A6162800B3FB54 /* Build configuration list for PBXProject "MVP_TrafficLight" */;
			compatibilityVersion = "Xcode 9.3";
			developmentRegion = en;
			hasScannedForEncodings = 0;
			knownRegions = (
				en,
				Base,
			);
			mainGroup = 9020BD6723A6162800B3FB54;
			productRefGroup = 9020BD7123A6162800B3FB54 /* Products */;
			projectDirPath = "";
			projectRoot = "";
			targets = (
				9020BD6F23A6162800B3FB54 /* MVP_TrafficLight */,
			);
		};
/* End PBXProject section */

/* Begin PBXResourcesBuildPhase section */
		9020BD6E23A6162800B3FB54 /* Resources */ = {
			isa = PBXResourcesBuildPhase;
			buildActionMask = 2147483647;
			files = (
				9020BD8E23A6185000B3FB54 /* Main.storyboard in Resources */,
				9020BD7E23A6162900B3FB54 /* LaunchScreen.storyboard in Resources */,
				9020BD7B23A6162900B3FB54 /* Assets.xcassets in Resources */,
			);
			runOnlyForDeploymentPostprocessing = 0;
		};
/* End PBXResourcesBuildPhase section */

/* Begin PBXSourcesBuildPhase section */
		9020BD6C23A6162800B3FB54 /* Sources */ = {
			isa = PBXSourcesBuildPhase;
			buildActionMask = 2147483647;
			files = (
				9020BD8A23A6172800B3FB54 /* TrafficLightService.swift in Sources */,
				9020BD7623A6162800B3FB54 /* ViewController.swift in Sources */,
				9020BD7423A6162800B3FB54 /* AppDelegate.swift in Sources */,
				9020BD8C23A6173400B3FB54 /* TrafficLight.swift in Sources */,
				9020BD9223A61BCB00B3FB54 /* TrafficLightViewController.swift in Sources */,
				9020BD9023A61BBD00B3FB54 /* TrafficLightPresenter.swift in Sources */,
			);
			runOnlyForDeploymentPostprocessing = 0;
		};
/* End PBXSourcesBuildPhase section */

/* Begin PBXVariantGroup section */
		9020BD7C23A6162900B3FB54 /* LaunchScreen.storyboard */ = {
			isa = PBXVariantGroup;
			children = (
				9020BD7D23A6162900B3FB54 /* Base */,
			);
			name = LaunchScreen.storyboard;
			sourceTree = "<group>";
		};
/* End PBXVariantGroup section */

/* Begin XCBuildConfiguration section */
		9020BD8023A6162900B3FB54 /* Debug */ = {
			isa = XCBuildConfiguration;
			buildSettings = {
				ALWAYS_SEARCH_USER_PATHS = NO;
				CLANG_ANALYZER_NONNULL = YES;
				CLANG_ANALYZER_NUMBER_OBJECT_CONVERSION = YES_AGGRESSIVE;
				CLANG_CXX_LANGUAGE_STANDARD = "gnu++14";
				CLANG_CXX_LIBRARY = "libc++";
				CLANG_ENABLE_MODULES = YES;
				CLANG_ENABLE_OBJC_ARC = YES;
				CLANG_ENABLE_OBJC_WEAK = YES;
				CLANG_WARN_BLOCK_CAPTURE_AUTORELEASING = YES;
				CLANG_WARN_BOOL_CONVERSION = YES;
				CLANG_WARN_COMMA = YES;
				CLANG_WARN_CONSTANT_CONVERSION = YES;
				CLANG_WARN_DEPRECATED_OBJC_IMPLEMENTATIONS = YES;
				CLANG_WARN_DIRECT_OBJC_ISA_USAGE = YES_ERROR;
				CLANG_WARN_DOCUMENTATION_COMMENTS = YES;
				CLANG_WARN_EMPTY_BODY = YES;
				CLANG_WARN_ENUM_CONVERSION = YES;
				CLANG_WARN_INFINITE_RECURSION = YES;
				CLANG_WARN_INT_CONVERSION = YES;
				CLANG_WARN_NON_LITERAL_NULL_CONVERSION = YES;
				CLANG_WARN_OBJC_IMPLICIT_RETAIN_SELF = YES;
				CLANG_WARN_OBJC_LITERAL_CONVERSION = YES;
				CLANG_WARN_OBJC_ROOT_CLASS = YES_ERROR;
				CLANG_WARN_RANGE_LOOP_ANALYSIS = YES;
				CLANG_WARN_STRICT_PROTOTYPES = YES;
				CLANG_WARN_SUSPICIOUS_MOVE = YES;
				CLANG_WARN_UNGUARDED_AVAILABILITY = YES_AGGRESSIVE;
				CLANG_WARN_UNREACHABLE_CODE = YES;
				CLANG_WARN__DUPLICATE_METHOD_MATCH = YES;
				CODE_SIGN_IDENTITY = "iPhone Developer";
				COPY_PHASE_STRIP = NO;
				DEBUG_INFORMATION_FORMAT = dwarf;
				ENABLE_STRICT_OBJC_MSGSEND = YES;
				ENABLE_TESTABILITY = YES;
				GCC_C_LANGUAGE_STANDARD = gnu11;
				GCC_DYNAMIC_NO_PIC = NO;
				GCC_NO_COMMON_BLOCKS = YES;
				GCC_OPTIMIZATION_LEVEL = 0;
				GCC_PREPROCESSOR_DEFINITIONS = (
					"DEBUG=1",
					"$(inherited)",
				);
				GCC_WARN_64_TO_32_BIT_CONVERSION = YES;
				GCC_WARN_ABOUT_RETURN_TYPE = YES_ERROR;
				GCC_WARN_UNDECLARED_SELECTOR = YES;
				GCC_WARN_UNINITIALIZED_AUTOS = YES_AGGRESSIVE;
				GCC_WARN_UNUSED_FUNCTION = YES;
				GCC_WARN_UNUSED_VARIABLE = YES;
				IPHONEOS_DEPLOYMENT_TARGET = 9.0;
				MTL_ENABLE_DEBUG_INFO = INCLUDE_SOURCE;
				MTL_FAST_MATH = YES;
				ONLY_ACTIVE_ARCH = YES;
				SDKROOT = iphoneos;
				SWIFT_ACTIVE_COMPILATION_CONDITIONS = DEBUG;
				SWIFT_OPTIMIZATION_LEVEL = "-Onone";
			};
			name = Debug;
		};
		9020BD8123A6162900B3FB54 /* Release */ = {
			isa = XCBuildConfiguration;
			buildSettings = {
				ALWAYS_SEARCH_USER_PATHS = NO;
				CLANG_ANALYZER_NONNULL = YES;
				CLANG_ANALYZER_NUMBER_OBJECT_CONVERSION = YES_AGGRESSIVE;
				CLANG_CXX_LANGUAGE_STANDARD = "gnu++14";
				CLANG_CXX_LIBRARY = "libc++";
				CLANG_ENABLE_MODULES = YES;
				CLANG_ENABLE_OBJC_ARC = YES;
				CLANG_ENABLE_OBJC_WEAK = YES;
				CLANG_WARN_BLOCK_CAPTURE_AUTORELEASING = YES;
				CLANG_WARN_BOOL_CONVERSION = YES;
				CLANG_WARN_COMMA = YES;
				CLANG_WARN_CONSTANT_CONVERSION = YES;
				CLANG_WARN_DEPRECATED_OBJC_IMPLEMENTATIONS = YES;
				CLANG_WARN_DIRECT_OBJC_ISA_USAGE = YES_ERROR;
				CLANG_WARN_DOCUMENTATION_COMMENTS = YES;
				CLANG_WARN_EMPTY_BODY = YES;
				CLANG_WARN_ENUM_CONVERSION = YES;
				CLANG_WARN_INFINITE_RECURSION = YES;
				CLANG_WARN_INT_CONVERSION = YES;
				CLANG_WARN_NON_LITERAL_NULL_CONVERSION = YES;
				CLANG_WARN_OBJC_IMPLICIT_RETAIN_SELF = YES;
				CLANG_WARN_OBJC_LITERAL_CONVERSION = YES;
				CLANG_WARN_OBJC_ROOT_CLASS = YES_ERROR;
				CLANG_WARN_RANGE_LOOP_ANALYSIS = YES;
				CLANG_WARN_STRICT_PROTOTYPES = YES;
				CLANG_WARN_SUSPICIOUS_MOVE = YES;
				CLANG_WARN_UNGUARDED_AVAILABILITY = YES_AGGRESSIVE;
				CLANG_WARN_UNREACHABLE_CODE = YES;
				CLANG_WARN__DUPLICATE_METHOD_MATCH = YES;
				CODE_SIGN_IDENTITY = "iPhone Developer";
				COPY_PHASE_STRIP = NO;
				DEBUG_INFORMATION_FORMAT = "dwarf-with-dsym";
				ENABLE_NS_ASSERTIONS = NO;
				ENABLE_STRICT_OBJC_MSGSEND = YES;
				GCC_C_LANGUAGE_STANDARD = gnu11;
				GCC_NO_COMMON_BLOCKS = YES;
				GCC_WARN_64_TO_32_BIT_CONVERSION = YES;
				GCC_WARN_ABOUT_RETURN_TYPE = YES_ERROR;
				GCC_WARN_UNDECLARED_SELECTOR = YES;
				GCC_WARN_UNINITIALIZED_AUTOS = YES_AGGRESSIVE;
				GCC_WARN_UNUSED_FUNCTION = YES;
				GCC_WARN_UNUSED_VARIABLE = YES;
				IPHONEOS_DEPLOYMENT_TARGET = 9.0;
				MTL_ENABLE_DEBUG_INFO = NO;
				MTL_FAST_MATH = YES;
				SDKROOT = iphoneos;
				SWIFT_COMPILATION_MODE = wholemodule;
				SWIFT_OPTIMIZATION_LEVEL = "-O";
				VALIDATE_PRODUCT = YES;
			};
			name = Release;
		};
		9020BD8323A6162900B3FB54 /* Debug */ = {
			isa = XCBuildConfiguration;
			buildSettings = {
				ASSETCATALOG_COMPILER_APPICON_NAME = AppIcon;
				CODE_SIGN_STYLE = Automatic;
				DEVELOPMENT_TEAM = Q3EJJ6M7CU;
				INFOPLIST_FILE = MVP_TrafficLight/Info.plist;
				LD_RUNPATH_SEARCH_PATHS = (
					"$(inherited)",
					"@executable_path/Frameworks",
				);
				PRODUCT_BUNDLE_IDENTIFIER = "com.XiApps.MVP-TrafficLight";
				PRODUCT_NAME = "$(TARGET_NAME)";
				SWIFT_VERSION = 5.0;
				TARGETED_DEVICE_FAMILY = "1,2";
			};
			name = Debug;
		};
		9020BD8423A6162900B3FB54 /* Release */ = {
			isa = XCBuildConfiguration;
			buildSettings = {
				ASSETCATALOG_COMPILER_APPICON_NAME = AppIcon;
				CODE_SIGN_STYLE = Automatic;
				DEVELOPMENT_TEAM = Q3EJJ6M7CU;
				INFOPLIST_FILE = MVP_TrafficLight/Info.plist;
				LD_RUNPATH_SEARCH_PATHS = (
					"$(inherited)",
					"@executable_path/Frameworks",
				);
				PRODUCT_BUNDLE_IDENTIFIER = "com.XiApps.MVP-TrafficLight";
				PRODUCT_NAME = "$(TARGET_NAME)";
				SWIFT_VERSION = 5.0;
				TARGETED_DEVICE_FAMILY = "1,2";
			};
			name = Release;
		};
/* End XCBuildConfiguration section */

/* Begin XCConfigurationList section */
		9020BD6B23A6162800B3FB54 /* Build configuration list for PBXProject "MVP_TrafficLight" */ = {
			isa = XCConfigurationList;
			buildConfigurations = (
				9020BD8023A6162900B3FB54 /* Debug */,
				9020BD8123A6162900B3FB54 /* Release */,
			);
			defaultConfigurationIsVisible = 0;
			defaultConfigurationName = Release;
		};
		9020BD8223A6162900B3FB54 /* Build configuration list for PBXNativeTarget "MVP_TrafficLight" */ = {
			isa = XCConfigurationList;
			buildConfigurations = (
				9020BD8323A6162900B3FB54 /* Debug */,
				9020BD8423A6162900B3FB54 /* Release */,
			);
			defaultConfigurationIsVisible = 0;
			defaultConfigurationName = Release;
		};
/* End XCConfigurationList section */
	};
	rootObject = 9020BD6823A6162800B3FB54 /* Project object */;
}
